<?xml version="1.0" encoding="UTF-8" standalone="yes" ?>
<CodeBlocks_project_file>
	<FileVersion major="1" minor="6" />
	<Project>
		<Option title="metasort" />
		<Option pch_mode="2" />
		<Option compiler="gcc" />
		<Build>
			<Target title="Debug x64">
				<Option output="../../Debug/x64/metasort" prefix_auto="1" extension_auto="1" />
				<Option working_dir="../../Debug/x64" />
				<Option external_deps=";;;" />
				<Option type="0" />
				<Option compiler="gcc" />
				<Compiler>
					<Add option="-ansi" />
					<Add option="-D_CRT_SECURE_NO_WARNINGS" />
					<Add option="-D_DEBUG" />
					<Add option="-D_CONSOLE" />
				</Compiler>
			</Target>
			<Target title="Release x64">
				<Option output="../../Release/x64/metasort" prefix_auto="1" extension_auto="1" />
				<Option working_dir="../../Release/x64" />
				<Option external_deps=";;;" />
				<Option type="0" />
				<Option compiler="gcc" />
				<Compiler>
					<Add option="-D_CRT_SECURE_NO_WARNINGS" />
					<Add option="-DNDEBUG" />
					<Add option="-D_CONSOLE" />
				</Compiler>
			</Target>
			<Target title="Release x86">
				<Option output="../../Release/x86/metasort" prefix_auto="1" extension_auto="1" />
				<Option working_dir="../../Release/x86" />
				<Option external_deps=";;;" />
				<Option type="1" />
				<Option compiler="gcc" />
				<Option use_console_runner="0" />
				<Compiler>
					<Add option="-D_CRT_SECURE_NO_WARNINGS" />
					<Add option="-DNDEBUG" />
					<Add option="-D_CONSOLE" />
				</Compiler>
			</Target>
			<Target title="Debug x86">
				<Option output="../../Debug/x86/metasort" prefix_auto="1" extension_auto="1" />
				<Option working_dir="../../Debug/x86" />
				<Option external_deps=";;;" />
				<Option type="0" />
				<Option compiler="gcc" />
				<Compiler>
					<Add option="-D_CRT_SECURE_NO_WARNINGS" />
					<Add option="-D_DEBUG" />
					<Add option="-D_CONSOLE" />
				</Compiler>
			</Target>
		</Build>
		<Compiler>
			<Add option="-std=c++0x" />
			<Add option="-DUNICODE" />
			<Add directory="../../Libraries/boost" />
			<Add directory="../../Libraries/ZenLib/Source" />
			<Add directory="../../Libraries/MediaInfoLib/Source" />
			<Add directory="../../Libraries/zlib" />
		</Compiler>
		<Linker>
			<Add library="libmediainfo.a" />
			<Add library="../../Libraries/boost/stage/lib/libboost_filesystem.a" />
			<Add library="../../Libraries/boost/stage/lib/libboost_regex.a" />
			<Add library="../../Libraries/boost/stage/lib/libboost_system.a" />
			<Add library="libzen.a" />
			<Add library="libpthread.a" />
			<Add library="libz.a" />
			<Add directory="../../Libraries/boost/stage/lib" />
			<Add directory="../../Libraries/MediaInfoLib/Project/GNU/Library/.libs" />
			<Add directory="../../Libraries/ZenLib/Project/GNU/Library/.libs" />
			<Add directory="../../Libraries/zlib" />
		</Linker>
		<Unit filename="../../source/asset.cpp" />
		<Unit filename="../../source/asset.h" />
		<Unit filename="../../source/customparameters.cpp" />
		<Unit filename="../../source/customparameters.h" />
		<Unit filename="../../source/logfile.cpp" />
		<Unit filename="../../source/logfile.h" />
		<Unit filename="../../source/main.cpp" />
		<Unit filename="../../source/metasorter.cpp" />
		<Unit filename="../../source/metasorter.h" />
		<Unit filename="../../source/util_functions.cpp" />
		<Unit filename="../../source/util_functions.h" />
		<Extensions>
			<envvars />
			<code_completion />
			<lib_finder disable_auto="1" />
			<debugger />
		</Extensions>
	</Project>
</CodeBlocks_project_file>
